
Microsoft Visual Studio Solution File, Format Version 12.00
# Visual Studio Version 17
VisualStudioVersion = 17.5.33424.131
MinimumVisualStudioVersion = 10.0.40219.1
Project("{9A19103F-16F7-4668-BE54-9A1E7A4F7556}") = "centrica.api", "centrica.api\centrica.api.csproj", "{9557224A-9FF2-42AA-AF5C-1BC301302785}"
EndProject
Project("{9A19103F-16F7-4668-BE54-9A1E7A4F7556}") = "centrica.datamodels", "centrica.datamodels\centrica.datamodels.csproj", "{E4BC0BE9-D8FF-45C6-8DF7-D5793D5A1047}"
EndProject
Project("{9A19103F-16F7-4668-BE54-9A1E7A4F7556}") = "centrica.repository", "centrica.repository\centrica.repository.csproj", "{C2F47F92-3B60-4A3B-8C31-43CC7F853EB4}"
EndProject
Project("{9A19103F-16F7-4668-BE54-9A1E7A4F7556}") = "centrica.serviceRegistration", "centrica.serviceRegistration\centrica.serviceRegistration.csproj", "{D47685C6-A756-41F2-BEDF-914FDF615C89}"
EndProject
Project("{9A19103F-16F7-4668-BE54-9A1E7A4F7556}") = "centrica.services", "centrica.services\centrica.services.csproj", "{D1152499-9F74-44DF-A708-F4DD42DC3162}"
EndProject
Project("{2150E333-8FDC-42A3-9474-1A3956D46DE8}") = "tests", "tests", "{B2A449ED-F0F2-4540-887A-6E96F2A7CD27}"
EndProject
Project("{E53339B2-1760-4266-BCC7-CA923CBCF16C}") = "docker-compose", "docker-compose.dcproj", "{9213137F-5C85-4648-985B-09D9222FC102}"
EndProject
Project("{9A19103F-16F7-4668-BE54-9A1E7A4F7556}") = "centrica.configurations", "centrica.configurations\centrica.configurations.csproj", "{20DF2416-6F83-4A10-8C9C-0920D09158B6}"
EndProject
Global
	GlobalSection(SolutionConfigurationPlatforms) = preSolution
		Debug|Any CPU = Debug|Any CPU
		Release|Any CPU = Release|Any CPU
	EndGlobalSection
	GlobalSection(ProjectConfigurationPlatforms) = postSolution
		{9557224A-9FF2-42AA-AF5C-1BC301302785}.Debug|Any CPU.ActiveCfg = Debug|Any CPU
		{9557224A-9FF2-42AA-AF5C-1BC301302785}.Debug|Any CPU.Build.0 = Debug|Any CPU
		{9557224A-9FF2-42AA-AF5C-1BC301302785}.Release|Any CPU.ActiveCfg = Release|Any CPU
		{9557224A-9FF2-42AA-AF5C-1BC301302785}.Release|Any CPU.Build.0 = Release|Any CPU
		{E4BC0BE9-D8FF-45C6-8DF7-D5793D5A1047}.Debug|Any CPU.ActiveCfg = Debug|Any CPU
		{E4BC0BE9-D8FF-45C6-8DF7-D5793D5A1047}.Debug|Any CPU.Build.0 = Debug|Any CPU
		{E4BC0BE9-D8FF-45C6-8DF7-D5793D5A1047}.Release|Any CPU.ActiveCfg = Release|Any CPU
		{E4BC0BE9-D8FF-45C6-8DF7-D5793D5A1047}.Release|Any CPU.Build.0 = Release|Any CPU
		{C2F47F92-3B60-4A3B-8C31-43CC7F853EB4}.Debug|Any CPU.ActiveCfg = Debug|Any CPU
		{C2F47F92-3B60-4A3B-8C31-43CC7F853EB4}.Debug|Any CPU.Build.0 = Debug|Any CPU
		{C2F47F92-3B60-4A3B-8C31-43CC7F853EB4}.Release|Any CPU.ActiveCfg = Release|Any CPU
		{C2F47F92-3B60-4A3B-8C31-43CC7F853EB4}.Release|Any CPU.Build.0 = Release|Any CPU
		{D47685C6-A756-41F2-BEDF-914FDF615C89}.Debug|Any CPU.ActiveCfg = Debug|Any CPU
		{D47685C6-A756-41F2-BEDF-914FDF615C89}.Debug|Any CPU.Build.0 = Debug|Any CPU
		{D47685C6-A756-41F2-BEDF-914FDF615C89}.Release|Any CPU.ActiveCfg = Release|Any CPU
		{D47685C6-A756-41F2-BEDF-914FDF615C89}.Release|Any CPU.Build.0 = Release|Any CPU
		{D1152499-9F74-44DF-A708-F4DD42DC3162}.Debug|Any CPU.ActiveCfg = Debug|Any CPU
		{D1152499-9F74-44DF-A708-F4DD42DC3162}.Debug|Any CPU.Build.0 = Debug|Any CPU
		{D1152499-9F74-44DF-A708-F4DD42DC3162}.Release|Any CPU.ActiveCfg = Release|Any CPU
		{D1152499-9F74-44DF-A708-F4DD42DC3162}.Release|Any CPU.Build.0 = Release|Any CPU
		{9213137F-5C85-4648-985B-09D9222FC102}.Debug|Any CPU.ActiveCfg = Debug|Any CPU
		{9213137F-5C85-4648-985B-09D9222FC102}.Debug|Any CPU.Build.0 = Debug|Any CPU
		{9213137F-5C85-4648-985B-09D9222FC102}.Release|Any CPU.ActiveCfg = Release|Any CPU
		{9213137F-5C85-4648-985B-09D9222FC102}.Release|Any CPU.Build.0 = Release|Any CPU
		{20DF2416-6F83-4A10-8C9C-0920D09158B6}.Debug|Any CPU.ActiveCfg = Debug|Any CPU
		{20DF2416-6F83-4A10-8C9C-0920D09158B6}.Debug|Any CPU.Build.0 = Debug|Any CPU
		{20DF2416-6F83-4A10-8C9C-0920D09158B6}.Release|Any CPU.ActiveCfg = Release|Any CPU
		{20DF2416-6F83-4A10-8C9C-0920D09158B6}.Release|Any CPU.Build.0 = Release|Any CPU
	EndGlobalSection
	GlobalSection(SolutionProperties) = preSolution
		HideSolutionNode = FALSE
	EndGlobalSection
	GlobalSection(ExtensibilityGlobals) = postSolution
		SolutionGuid = {76A1467B-E4E9-42F5-ACFF-2FF2B1DC54F7}
	EndGlobalSection
EndGlobal
